
Microsoft Visual Studio Solution File, Format Version 12.00
# Visual Studio 15
VisualStudioVersion = 15.0.27703.2018
MinimumVisualStudioVersion = 10.0.40219.1
Project("{FAE04EC0-301F-11D3-BF4B-00C04F79EFBC}") = "FTPTransfer.SingleSolution", "FTPTransfer.SingleSolution\FTPTransfer.SingleSolution.csproj", "{ED4273FB-1946-435E-AF50-5B897380AB9B}"
EndProject
Global
	GlobalSection(SolutionConfigurationPlatforms) = preSolution
		Debug|Any CPU = Debug|Any CPU
		Release|Any CPU = Release|Any CPU
	EndGlobalSection
	GlobalSection(ProjectConfigurationPlatforms) = postSolution
		{ED4273FB-1946-435E-AF50-5B897380AB9B}.Debug|Any CPU.ActiveCfg = Debug|Any CPU
		{ED4273FB-1946-435E-AF50-5B897380AB9B}.Debug|Any CPU.Build.0 = Debug|Any CPU
		{ED4273FB-1946-435E-AF50-5B897380AB9B}.Release|Any CPU.ActiveCfg = Release|Any CPU
		{ED4273FB-1946-435E-AF50-5B897380AB9B}.Release|Any CPU.Build.0 = Release|Any CPU
	EndGlobalSection
	GlobalSection(SolutionProperties) = preSolution
		HideSolutionNode = FALSE
	EndGlobalSection
	GlobalSection(ExtensibilityGlobals) = postSolution
		SolutionGuid = {01C87E92-D174-4290-AA6F-73547DF68D8E}
	EndGlobalSection
EndGlobal
